
Microsoft Visual Studio Solution File, Format Version 12.00
Project("{FAE04EC0-301F-11D3-BF4B-00C04F79EFBC}") = "Test2Template", "Test2Template\Test2Template.csproj", "{A23376DA-5A2F-4FED-B893-01922F831BBB}"
EndProject
Global
	GlobalSection(SolutionConfigurationPlatforms) = preSolution
		Debug|Any CPU = Debug|Any CPU
		Release|Any CPU = Release|Any CPU
	EndGlobalSection
	GlobalSection(ProjectConfigurationPlatforms) = postSolution
		{A23376DA-5A2F-4FED-B893-01922F831BBB}.Debug|Any CPU.ActiveCfg = Debug|Any CPU
		{A23376DA-5A2F-4FED-B893-01922F831BBB}.Debug|Any CPU.Build.0 = Debug|Any CPU
		{A23376DA-5A2F-4FED-B893-01922F831BBB}.Release|Any CPU.ActiveCfg = Release|Any CPU
		{A23376DA-5A2F-4FED-B893-01922F831BBB}.Release|Any CPU.Build.0 = Release|Any CPU
	EndGlobalSection
EndGlobal
